
Microsoft Visual Studio Solution File, Format Version 10.00
# Visual Studio 2008
Project("{FAE04EC0-301F-11D3-BF4B-00C04F79EFBC}") = "Calculator", "Calculator\Calculator.csproj", "{B843A629-1C38-499E-86C7-91BC4534F755}"
EndProject
Project("{FAE04EC0-301F-11D3-BF4B-00C04F79EFBC}") = "step_definitons", "features\step_definitons\step_definitons.csproj", "{6A89B30C-C0E5-49DD-BCEA-B7540D68ABF0}"
EndProject
Global
	GlobalSection(SolutionConfigurationPlatforms) = preSolution
		Debug|Any CPU = Debug|Any CPU
		Release|Any CPU = Release|Any CPU
	EndGlobalSection
	GlobalSection(ProjectConfigurationPlatforms) = postSolution
		{B843A629-1C38-499E-86C7-91BC4534F755}.Debug|Any CPU.ActiveCfg = Debug|Any CPU
		{B843A629-1C38-499E-86C7-91BC4534F755}.Debug|Any CPU.Build.0 = Debug|Any CPU
		{B843A629-1C38-499E-86C7-91BC4534F755}.Release|Any CPU.ActiveCfg = Release|Any CPU
		{B843A629-1C38-499E-86C7-91BC4534F755}.Release|Any CPU.Build.0 = Release|Any CPU
		{6A89B30C-C0E5-49DD-BCEA-B7540D68ABF0}.Debug|Any CPU.ActiveCfg = Debug|Any CPU
		{6A89B30C-C0E5-49DD-BCEA-B7540D68ABF0}.Debug|Any CPU.Build.0 = Debug|Any CPU
		{6A89B30C-C0E5-49DD-BCEA-B7540D68ABF0}.Release|Any CPU.ActiveCfg = Release|Any CPU
		{6A89B30C-C0E5-49DD-BCEA-B7540D68ABF0}.Release|Any CPU.Build.0 = Release|Any CPU
	EndGlobalSection
	GlobalSection(SolutionProperties) = preSolution
		HideSolutionNode = FALSE
	EndGlobalSection
EndGlobal
